// !$*UTF8*$!
{
	archiveVersion = 1;
	classes = {
	};
	objectVersion = 46;
	objects = {

/* Begin PBXBuildFile section */
		1C9249721D8E3EBE00FD3F98 /* main.m in Sources */ = {isa = PBXBuildFile; fileRef = 1C9249711D8E3EBE00FD3F98 /* main.m */; };
		1C9249751D8E3EBE00FD3F98 /* AppDelegate.m in Sources */ = {isa = PBXBuildFile; fileRef = 1C9249741D8E3EBE00FD3F98 /* AppDelegate.m */; };
		1C9249781D8E3EBE00FD3F98 /* ViewController.m in Sources */ = {isa = PBXBuildFile; fileRef = 1C9249771D8E3EBE00FD3F98 /* ViewController.m */; };
		1C92497B1D8E3EBE00FD3F98 /* Main.storyboard in Resources */ = {isa = PBXBuildFile; fileRef = 1C9249791D8E3EBE00FD3F98 /* Main.storyboard */; };
		1C92497D1D8E3EBE00FD3F98 /* Assets.xcassets in Resources */ = {isa = PBXBuildFile; fileRef = 1C92497C1D8E3EBE00FD3F98 /* Assets.xcassets */; };
		1C9249801D8E3EBE00FD3F98 /* LaunchScreen.storyboard in Resources */ = {isa = PBXBuildFile; fileRef = 1C92497E1D8E3EBE00FD3F98 /* LaunchScreen.storyboard */; };
		1C92498B1D8E3EBE00FD3F98 /* ____ViewTests.m in Sources */ = {isa = PBXBuildFile; fileRef = 1C92498A1D8E3EBE00FD3F98 /* ____ViewTests.m */; };
		1C9249961D8E3EBE00FD3F98 /* ____ViewUITests.m in Sources */ = {isa = PBXBuildFile; fileRef = 1C9249951D8E3EBE00FD3F98 /* ____ViewUITests.m */; };
/* End PBXBuildFile section */

/* Begin PBXContainerItemProxy section */
		1C9249871D8E3EBE00FD3F98 /* PBXContainerItemProxy */ = {
			isa = PBXContainerItemProxy;
			containerPortal = 1C9249651D8E3EBE00FD3F98 /* Project object */;
			proxyType = 1;
			remoteGlobalIDString = 1C92496C1D8E3EBE00FD3F98;
			remoteInfo = "随机动画View";
		};
		1C9249921D8E3EBE00FD3F98 /* PBXContainerItemProxy */ = {
			isa = PBXContainerItemProxy;
			containerPortal = 1C9249651D8E3EBE00FD3F98 /* Project object */;
			proxyType = 1;
			remoteGlobalIDString = 1C92496C1D8E3EBE00FD3F98;
			remoteInfo = "随机动画View";
		};
/* End PBXContainerItemProxy section */

/* Begin PBXFileReference section */
		1C92496D1D8E3EBE00FD3F98 /* 随机动画View.app */ = {isa = PBXFileReference; explicitFileType = wrapper.application; includeInIndex = 0; path = "随机动画View.app"; sourceTree = BUILT_PRODUCTS_DIR; };
		1C9249711D8E3EBE00FD3F98 /* main.m */ = {isa = PBXFileReference; lastKnownFileType = sourcecode.c.objc; path = main.m; sourceTree = "<group>"; };
		1C9249731D8E3EBE00FD3F98 /* AppDelegate.h */ = {isa = PBXFileReference; lastKnownFileType = sourcecode.c.h; path = AppDelegate.h; sourceTree = "<group>"; };
		1C9249741D8E3EBE00FD3F98 /* AppDelegate.m */ = {isa = PBXFileReference; lastKnownFileType = sourcecode.c.objc; path = AppDelegate.m; sourceTree = "<group>"; };
		1C9249761D8E3EBE00FD3F98 /* ViewController.h */ = {isa = PBXFileReference; lastKnownFileType = sourcecode.c.h; path = ViewController.h; sourceTree = "<group>"; };
		1C9249771D8E3EBE00FD3F98 /* ViewController.m */ = {isa = PBXFileReference; lastKnownFileType = sourcecode.c.objc; path = ViewController.m; sourceTree = "<group>"; };
		1C92497A1D8E3EBE00FD3F98 /* Base */ = {isa = PBXFileReference; lastKnownFileType = file.storyboard; name = Base; path = Base.lproj/Main.storyboard; sourceTree = "<group>"; };
		1C92497C1D8E3EBE00FD3F98 /* Assets.xcassets */ = {isa = PBXFileReference; lastKnownFileType = folder.assetcatalog; path = Assets.xcassets; sourceTree = "<group>"; };
		1C92497F1D8E3EBE00FD3F98 /* Base */ = {isa = PBXFileReference; lastKnownFileType = file.storyboard; name = Base; path = Base.lproj/LaunchScreen.storyboard; sourceTree = "<group>"; };
		1C9249811D8E3EBE00FD3F98 /* Info.plist */ = {isa = PBXFileReference; lastKnownFileType = text.plist.xml; path = Info.plist; sourceTree = "<group>"; };
		1C9249861D8E3EBE00FD3F98 /* 随机动画ViewTests.xctest */ = {isa = PBXFileReference; explicitFileType = wrapper.cfbundle; includeInIndex = 0; path = "随机动画ViewTests.xctest"; sourceTree = BUILT_PRODUCTS_DIR; };
		1C92498A1D8E3EBE00FD3F98 /* ____ViewTests.m */ = {isa = PBXFileReference; lastKnownFileType = sourcecode.c.objc; path = "____ViewTests.m"; sourceTree = "<group>"; };
		1C92498C1D8E3EBE00FD3F98 /* Info.plist */ = {isa = PBXFileReference; lastKnownFileType = text.plist.xml; path = Info.plist; sourceTree = "<group>"; };
		1C9249911D8E3EBE00FD3F98 /* 随机动画ViewUITests.xctest */ = {isa = PBXFileReference; explicitFileType = wrapper.cfbundle; includeInIndex = 0; path = "随机动画ViewUITests.xctest"; sourceTree = BUILT_PRODUCTS_DIR; };
		1C9249951D8E3EBE00FD3F98 /* ____ViewUITests.m */ = {isa = PBXFileReference; lastKnownFileType = sourcecode.c.objc; path = "____ViewUITests.m"; sourceTree = "<group>"; };
		1C9249971D8E3EBE00FD3F98 /* Info.plist */ = {isa = PBXFileReference; lastKnownFileType = text.plist.xml; path = Info.plist; sourceTree = "<group>"; };
/* End PBXFileReference section */

/* Begin PBXFrameworksBuildPhase section */
		1C92496A1D8E3EBE00FD3F98 /* Frameworks */ = {
			isa = PBXFrameworksBuildPhase;
			buildActionMask = 2147483647;
			files = (
			);
			runOnlyForDeploymentPostprocessing = 0;
		};
		1C9249831D8E3EBE00FD3F98 /* Frameworks */ = {
			isa = PBXFrameworksBuildPhase;
			buildActionMask = 2147483647;
			files = (
			);
			runOnlyForDeploymentPostprocessing = 0;
		};
		1C92498E1D8E3EBE00FD3F98 /* Frameworks */ = {
			isa = PBXFrameworksBuildPhase;
			buildActionMask = 2147483647;
			files = (
			);
			runOnlyForDeploymentPostprocessing = 0;
		};
/* End PBXFrameworksBuildPhase section */

/* Begin PBXGroup section */
		1C9249641D8E3EBE00FD3F98 = {
			isa = PBXGroup;
			children = (
				1C92496F1D8E3EBE00FD3F98 /* 随机动画View */,
				1C9249891D8E3EBE00FD3F98 /* 随机动画ViewTests */,
				1C9249941D8E3EBE00FD3F98 /* 随机动画ViewUITests */,
				1C92496E1D8E3EBE00FD3F98 /* Products */,
			);
			sourceTree = "<group>";
		};
		1C92496E1D8E3EBE00FD3F98 /* Products */ = {
			isa = PBXGroup;
			children = (
				1C92496D1D8E3EBE00FD3F98 /* 随机动画View.app */,
				1C9249861D8E3EBE00FD3F98 /* 随机动画ViewTests.xctest */,
				1C9249911D8E3EBE00FD3F98 /* 随机动画ViewUITests.xctest */,
			);
			name = Products;
			sourceTree = "<group>";
		};
		1C92496F1D8E3EBE00FD3F98 /* 随机动画View */ = {
			isa = PBXGroup;
			children = (
				1C9249731D8E3EBE00FD3F98 /* AppDelegate.h */,
				1C9249741D8E3EBE00FD3F98 /* AppDelegate.m */,
				1C9249761D8E3EBE00FD3F98 /* ViewController.h */,
				1C9249771D8E3EBE00FD3F98 /* ViewController.m */,
				1C9249791D8E3EBE00FD3F98 /* Main.storyboard */,
				1C92497C1D8E3EBE00FD3F98 /* Assets.xcassets */,
				1C92497E1D8E3EBE00FD3F98 /* LaunchScreen.storyboard */,
				1C9249811D8E3EBE00FD3F98 /* Info.plist */,
				1C9249701D8E3EBE00FD3F98 /* Supporting Files */,
			);
			path = "随机动画View";
			sourceTree = "<group>";
		};
		1C9249701D8E3EBE00FD3F98 /* Supporting Files */ = {
			isa = PBXGroup;
			children = (
				1C9249711D8E3EBE00FD3F98 /* main.m */,
			);
			name = "Supporting Files";
			sourceTree = "<group>";
		};
		1C9249891D8E3EBE00FD3F98 /* 随机动画ViewTests */ = {
			isa = PBXGroup;
			children = (
				1C92498A1D8E3EBE00FD3F98 /* ____ViewTests.m */,
				1C92498C1D8E3EBE00FD3F98 /* Info.plist */,
			);
			path = "随机动画ViewTests";
			sourceTree = "<group>";
		};
		1C9249941D8E3EBE00FD3F98 /* 随机动画ViewUITests */ = {
			isa = PBXGroup;
			children = (
				1C9249951D8E3EBE00FD3F98 /* ____ViewUITests.m */,
				1C9249971D8E3EBE00FD3F98 /* Info.plist */,
			);
			path = "随机动画ViewUITests";
			sourceTree = "<group>";
		};
/* End PBXGroup section */

/* Begin PBXNativeTarget section */
		1C92496C1D8E3EBE00FD3F98 /* 随机动画View */ = {
			isa = PBXNativeTarget;
			buildConfigurationList = 1C92499A1D8E3EBE00FD3F98 /* Build configuration list for PBXNativeTarget "随机动画View" */;
			buildPhases = (
				1C9249691D8E3EBE00FD3F98 /* Sources */,
				1C92496A1D8E3EBE00FD3F98 /* Frameworks */,
				1C92496B1D8E3EBE00FD3F98 /* Resources */,
			);
			buildRules = (
			);
			dependencies = (
			);
			name = "随机动画View";
			productName = "随机动画View";
			productReference = 1C92496D1D8E3EBE00FD3F98 /* 随机动画View.app */;
			productType = "com.apple.product-type.application";
		};
		1C9249851D8E3EBE00FD3F98 /* 随机动画ViewTests */ = {
			isa = PBXNativeTarget;
			buildConfigurationList = 1C92499D1D8E3EBE00FD3F98 /* Build configuration list for PBXNativeTarget "随机动画ViewTests" */;
			buildPhases = (
				1C9249821D8E3EBE00FD3F98 /* Sources */,
				1C9249831D8E3EBE00FD3F98 /* Frameworks */,
				1C9249841D8E3EBE00FD3F98 /* Resources */,
			);
			buildRules = (
			);
			dependencies = (
				1C9249881D8E3EBE00FD3F98 /* PBXTargetDependency */,
			);
			name = "随机动画ViewTests";
			productName = "随机动画ViewTests";
			productReference = 1C9249861D8E3EBE00FD3F98 /* 随机动画ViewTests.xctest */;
			productType = "com.apple.product-type.bundle.unit-test";
		};
		1C9249901D8E3EBE00FD3F98 /* 随机动画ViewUITests */ = {
			isa = PBXNativeTarget;
			buildConfigurationList = 1C9249A01D8E3EBE00FD3F98 /* Build configuration list for PBXNativeTarget "随机动画ViewUITests" */;
			buildPhases = (
				1C92498D1D8E3EBE00FD3F98 /* Sources */,
				1C92498E1D8E3EBE00FD3F98 /* Frameworks */,
				1C92498F1D8E3EBE00FD3F98 /* Resources */,
			);
			buildRules = (
			);
			dependencies = (
				1C9249931D8E3EBE00FD3F98 /* PBXTargetDependency */,
			);
			name = "随机动画ViewUITests";
			productName = "随机动画ViewUITests";
			productReference = 1C9249911D8E3EBE00FD3F98 /* 随机动画ViewUITests.xctest */;
			productType = "com.apple.product-type.bundle.ui-testing";
		};
/* End PBXNativeTarget section */

/* Begin PBXProject section */
		1C9249651D8E3EBE00FD3F98 /* Project object */ = {
			isa = PBXProject;
			attributes = {
				LastUpgradeCheck = 0730;
				ORGANIZATIONNAME = "手持POS机";
				TargetAttributes = {
					1C92496C1D8E3EBE00FD3F98 = {
						CreatedOnToolsVersion = 7.3.1;
						DevelopmentTeam = 6VQT7QJ3A6;
					};
					1C9249851D8E3EBE00FD3F98 = {
						CreatedOnToolsVersion = 7.3.1;
						DevelopmentTeam = 6VQT7QJ3A6;
						TestTargetID = 1C92496C1D8E3EBE00FD3F98;
					};
					1C9249901D8E3EBE00FD3F98 = {
						CreatedOnToolsVersion = 7.3.1;
						DevelopmentTeam = 6VQT7QJ3A6;
						TestTargetID = 1C92496C1D8E3EBE00FD3F98;
					};
				};
			};
			buildConfigurationList = 1C9249681D8E3EBE00FD3F98 /* Build configuration list for PBXProject "随机动画View" */;
			compatibilityVersion = "Xcode 3.2";
			developmentRegion = English;
			hasScannedForEncodings = 0;
			knownRegions = (
				en,
				Base,
			);
			mainGroup = 1C9249641D8E3EBE00FD3F98;
			productRefGroup = 1C92496E1D8E3EBE00FD3F98 /* Products */;
			projectDirPath = "";
			projectRoot = "";
			targets = (
				1C92496C1D8E3EBE00FD3F98 /* 随机动画View */,
				1C9249851D8E3EBE00FD3F98 /* 随机动画ViewTests */,
				1C9249901D8E3EBE00FD3F98 /* 随机动画ViewUITests */,
			);
		};
/* End PBXProject section */

/* Begin PBXResourcesBuildPhase section */
		1C92496B1D8E3EBE00FD3F98 /* Resources */ = {
			isa = PBXResourcesBuildPhase;
			buildActionMask = 2147483647;
			files = (
				1C9249801D8E3EBE00FD3F98 /* LaunchScreen.storyboard in Resources */,
				1C92497D1D8E3EBE00FD3F98 /* Assets.xcassets in Resources */,
				1C92497B1D8E3EBE00FD3F98 /* Main.storyboard in Resources */,
			);
			runOnlyForDeploymentPostprocessing = 0;
		};
		1C9249841D8E3EBE00FD3F98 /* Resources */ = {
			isa = PBXResourcesBuildPhase;
			buildActionMask = 2147483647;
			files = (
			);
			runOnlyForDeploymentPostprocessing = 0;
		};
		1C92498F1D8E3EBE00FD3F98 /* Resources */ = {
			isa = PBXResourcesBuildPhase;
			buildActionMask = 2147483647;
			files = (
			);
			runOnlyForDeploymentPostprocessing = 0;
		};
/* End PBXResourcesBuildPhase section */

/* Begin PBXSourcesBuildPhase section */
		1C9249691D8E3EBE00FD3F98 /* Sources */ = {
			isa = PBXSourcesBuildPhase;
			buildActionMask = 2147483647;
			files = (
				1C9249781D8E3EBE00FD3F98 /* ViewController.m in Sources */,
				1C9249751D8E3EBE00FD3F98 /* AppDelegate.m in Sources */,
				1C9249721D8E3EBE00FD3F98 /* main.m in Sources */,
			);
			runOnlyForDeploymentPostprocessing = 0;
		};
		1C9249821D8E3EBE00FD3F98 /* Sources */ = {
			isa = PBXSourcesBuildPhase;
			buildActionMask = 2147483647;
			files = (
				1C92498B1D8E3EBE00FD3F98 /* ____ViewTests.m in Sources */,
			);
			runOnlyForDeploymentPostprocessing = 0;
		};
		1C92498D1D8E3EBE00FD3F98 /* Sources */ = {
			isa = PBXSourcesBuildPhase;
			buildActionMask = 2147483647;
			files = (
				1C9249961D8E3EBE00FD3F98 /* ____ViewUITests.m in Sources */,
			);
			runOnlyForDeploymentPostprocessing = 0;
		};
/* End PBXSourcesBuildPhase section */

/* Begin PBXTargetDependency section */
		1C9249881D8E3EBE00FD3F98 /* PBXTargetDependency */ = {
			isa = PBXTargetDependency;
			target = 1C92496C1D8E3EBE00FD3F98 /* 随机动画View */;
			targetProxy = 1C9249871D8E3EBE00FD3F98 /* PBXContainerItemProxy */;
		};
		1C9249931D8E3EBE00FD3F98 /* PBXTargetDependency */ = {
			isa = PBXTargetDependency;
			target = 1C92496C1D8E3EBE00FD3F98 /* 随机动画View */;
			targetProxy = 1C9249921D8E3EBE00FD3F98 /* PBXContainerItemProxy */;
		};
/* End PBXTargetDependency section */

/* Begin PBXVariantGroup section */
		1C9249791D8E3EBE00FD3F98 /* Main.storyboard */ = {
			isa = PBXVariantGroup;
			children = (
				1C92497A1D8E3EBE00FD3F98 /* Base */,
			);
			name = Main.storyboard;
			sourceTree = "<group>";
		};
		1C92497E1D8E3EBE00FD3F98 /* LaunchScreen.storyboard */ = {
			isa = PBXVariantGroup;
			children = (
				1C92497F1D8E3EBE00FD3F98 /* Base */,
			);
			name = LaunchScreen.storyboard;
			sourceTree = "<group>";
		};
/* End PBXVariantGroup section */

/* Begin XCBuildConfiguration section */
		1C9249981D8E3EBE00FD3F98 /* Debug */ = {
			isa = XCBuildConfiguration;
			buildSettings = {
				ALWAYS_SEARCH_USER_PATHS = NO;
				CLANG_ANALYZER_NONNULL = YES;
				CLANG_CXX_LANGUAGE_STANDARD = "gnu++0x";
				CLANG_CXX_LIBRARY = "libc++";
				CLANG_ENABLE_MODULES = YES;
				CLANG_ENABLE_OBJC_ARC = YES;
				CLANG_WARN_BOOL_CONVERSION = YES;
				CLANG_WARN_CONSTANT_CONVERSION = YES;
				CLANG_WARN_DIRECT_OBJC_ISA_USAGE = YES_ERROR;
				CLANG_WARN_EMPTY_BODY = YES;
				CLANG_WARN_ENUM_CONVERSION = YES;
				CLANG_WARN_INT_CONVERSION = YES;
				CLANG_WARN_OBJC_ROOT_CLASS = YES_ERROR;
				CLANG_WARN_UNREACHABLE_CODE = YES;
				CLANG_WARN__DUPLICATE_METHOD_MATCH = YES;
				"CODE_SIGN_IDENTITY[sdk=iphoneos*]" = "iPhone Developer";
				COPY_PHASE_STRIP = NO;
				DEBUG_INFORMATION_FORMAT = dwarf;
				ENABLE_STRICT_OBJC_MSGSEND = YES;
				ENABLE_TESTABILITY = YES;
				GCC_C_LANGUAGE_STANDARD = gnu99;
				GCC_DYNAMIC_NO_PIC = NO;
				GCC_NO_COMMON_BLOCKS = YES;
				GCC_OPTIMIZATION_LEVEL = 0;
				GCC_PREPROCESSOR_DEFINITIONS = (
					"DEBUG=1",
					"$(inherited)",
				);
				GCC_WARN_64_TO_32_BIT_CONVERSION = YES;
				GCC_WARN_ABOUT_RETURN_TYPE = YES_ERROR;
				GCC_WARN_UNDECLARED_SELECTOR = YES;
				GCC_WARN_UNINITIALIZED_AUTOS = YES_AGGRESSIVE;
				GCC_WARN_UNUSED_FUNCTION = YES;
				GCC_WARN_UNUSED_VARIABLE = YES;
				IPHONEOS_DEPLOYMENT_TARGET = 9.3;
				MTL_ENABLE_DEBUG_INFO = YES;
				ONLY_ACTIVE_ARCH = YES;
				SDKROOT = iphoneos;
				TARGETED_DEVICE_FAMILY = 2;
			};
			name = Debug;
		};
		1C9249991D8E3EBE00FD3F98 /* Release */ = {
			isa = XCBuildConfiguration;
			buildSettings = {
				ALWAYS_SEARCH_USER_PATHS = NO;
				CLANG_ANALYZER_NONNULL = YES;
				CLANG_CXX_LANGUAGE_STANDARD = "gnu++0x";
				CLANG_CXX_LIBRARY = "libc++";
				CLANG_ENABLE_MODULES = YES;
				CLANG_ENABLE_OBJC_ARC = YES;
				CLANG_WARN_BOOL_CONVERSION = YES;
				CLANG_WARN_CONSTANT_CONVERSION = YES;
				CLANG_WARN_DIRECT_OBJC_ISA_USAGE = YES_ERROR;
				CLANG_WARN_EMPTY_BODY = YES;
				CLANG_WARN_ENUM_CONVERSION = YES;
				CLANG_WARN_INT_CONVERSION = YES;
				CLANG_WARN_OBJC_ROOT_CLASS = YES_ERROR;
				CLANG_WARN_UNREACHABLE_CODE = YES;
				CLANG_WARN__DUPLICATE_METHOD_MATCH = YES;
				"CODE_SIGN_IDENTITY[sdk=iphoneos*]" = "iPhone Developer";
				COPY_PHASE_STRIP = NO;
				DEBUG_INFORMATION_FORMAT = "dwarf-with-dsym";
				ENABLE_NS_ASSERTIONS = NO;
				ENABLE_STRICT_OBJC_MSGSEND = YES;
				GCC_C_LANGUAGE_STANDARD = gnu99;
				GCC_NO_COMMON_BLOCKS = YES;
				GCC_WARN_64_TO_32_BIT_CONVERSION = YES;
				GCC_WARN_ABOUT_RETURN_TYPE = YES_ERROR;
				GCC_WARN_UNDECLARED_SELECTOR = YES;
				GCC_WARN_UNINITIALIZED_AUTOS = YES_AGGRESSIVE;
				GCC_WARN_UNUSED_FUNCTION = YES;
				GCC_WARN_UNUSED_VARIABLE = YES;
				IPHONEOS_DEPLOYMENT_TARGET = 9.3;
				MTL_ENABLE_DEBUG_INFO = NO;
				SDKROOT = iphoneos;
				TARGETED_DEVICE_FAMILY = 2;
				VALIDATE_PRODUCT = YES;
			};
			name = Release;
		};
		1C92499B1D8E3EBE00FD3F98 /* Debug */ = {
			isa = XCBuildConfiguration;
			buildSettings = {
				ASSETCATALOG_COMPILER_APPICON_NAME = AppIcon;
				INFOPLIST_FILE = "随机动画View/Info.plist";
				LD_RUNPATH_SEARCH_PATHS = "$(inherited) @executable_path/Frameworks";
				PRODUCT_BUNDLE_IDENTIFIER = "lihonggui1988.com.----View";
				PRODUCT_NAME = "$(TARGET_NAME)";
			};
			name = Debug;
		};
		1C92499C1D8E3EBE00FD3F98 /* Release */ = {
			isa = XCBuildConfiguration;
			buildSettings = {
				ASSETCATALOG_COMPILER_APPICON_NAME = AppIcon;
				INFOPLIST_FILE = "随机动画View/Info.plist";
				LD_RUNPATH_SEARCH_PATHS = "$(inherited) @executable_path/Frameworks";
				PRODUCT_BUNDLE_IDENTIFIER = "lihonggui1988.com.----View";
				PRODUCT_NAME = "$(TARGET_NAME)";
			};
			name = Release;
		};
		1C92499E1D8E3EBE00FD3F98 /* Debug */ = {
			isa = XCBuildConfiguration;
			buildSettings = {
				BUNDLE_LOADER = "$(TEST_HOST)";
				INFOPLIST_FILE = "随机动画ViewTests/Info.plist";
				LD_RUNPATH_SEARCH_PATHS = "$(inherited) @executable_path/Frameworks @loader_path/Frameworks";
				PRODUCT_BUNDLE_IDENTIFIER = "lihonggui1988.com.----ViewTests";
				PRODUCT_NAME = "$(TARGET_NAME)";
				TEST_HOST = "$(BUILT_PRODUCTS_DIR)/随机动画View.app/随机动画View";
			};
			name = Debug;
		};
		1C92499F1D8E3EBE00FD3F98 /* Release */ = {
			isa = XCBuildConfiguration;
			buildSettings = {
				BUNDLE_LOADER = "$(TEST_HOST)";
				INFOPLIST_FILE = "随机动画ViewTests/Info.plist";
				LD_RUNPATH_SEARCH_PATHS = "$(inherited) @executable_path/Frameworks @loader_path/Frameworks";
				PRODUCT_BUNDLE_IDENTIFIER = "lihonggui1988.com.----ViewTests";
				PRODUCT_NAME = "$(TARGET_NAME)";
				TEST_HOST = "$(BUILT_PRODUCTS_DIR)/随机动画View.app/随机动画View";
			};
			name = Release;
		};
		1C9249A11D8E3EBE00FD3F98 /* Debug */ = {
			isa = XCBuildConfiguration;
			buildSettings = {
				INFOPLIST_FILE = "随机动画ViewUITests/Info.plist";
				LD_RUNPATH_SEARCH_PATHS = "$(inherited) @executable_path/Frameworks @loader_path/Frameworks";
				PRODUCT_BUNDLE_IDENTIFIER = "lihonggui1988.com.----ViewUITests";
				PRODUCT_NAME = "$(TARGET_NAME)";
				TEST_TARGET_NAME = "随机动画View";
			};
			name = Debug;
		};
		1C9249A21D8E3EBE00FD3F98 /* Release */ = {
			isa = XCBuildConfiguration;
			buildSettings = {
				INFOPLIST_FILE = "随机动画ViewUITests/Info.plist";
				LD_RUNPATH_SEARCH_PATHS = "$(inherited) @executable_path/Frameworks @loader_path/Frameworks";
				PRODUCT_BUNDLE_IDENTIFIER = "lihonggui1988.com.----ViewUITests";
				PRODUCT_NAME = "$(TARGET_NAME)";
				TEST_TARGET_NAME = "随机动画View";
			};
			name = Release;
		};
/* End XCBuildConfiguration section */

/* Begin XCConfigurationList section */
		1C9249681D8E3EBE00FD3F98 /* Build configuration list for PBXProject "随机动画View" */ = {
			isa = XCConfigurationList;
			buildConfigurations = (
				1C9249981D8E3EBE00FD3F98 /* Debug */,
				1C9249991D8E3EBE00FD3F98 /* Release */,
			);
			defaultConfigurationIsVisible = 0;
			defaultConfigurationName = Release;
		};
		1C92499A1D8E3EBE00FD3F98 /* Build configuration list for PBXNativeTarget "随机动画View" */ = {
			isa = XCConfigurationList;
			buildConfigurations = (
				1C92499B1D8E3EBE00FD3F98 /* Debug */,
				1C92499C1D8E3EBE00FD3F98 /* Release */,
			);
			defaultConfigurationIsVisible = 0;
		};
		1C92499D1D8E3EBE00FD3F98 /* Build configuration list for PBXNativeTarget "随机动画ViewTests" */ = {
			isa = XCConfigurationList;
			buildConfigurations = (
				1C92499E1D8E3EBE00FD3F98 /* Debug */,
				1C92499F1D8E3EBE00FD3F98 /* Release */,
			);
			defaultConfigurationIsVisible = 0;
		};
		1C9249A01D8E3EBE00FD3F98 /* Build configuration list for PBXNativeTarget "随机动画ViewUITests" */ = {
			isa = XCConfigurationList;
			buildConfigurations = (
				1C9249A11D8E3EBE00FD3F98 /* Debug */,
				1C9249A21D8E3EBE00FD3F98 /* Release */,
			);
			defaultConfigurationIsVisible = 0;
		};
/* End XCConfigurationList section */
	};
	rootObject = 1C9249651D8E3EBE00FD3F98 /* Project object */;
}
